// !$*UTF8*$!
{
	archiveVersion = 1;
	classes = {
	};
	objectVersion = 55;
	objects = {

/* Begin PBXBuildFile section */
		CE4E2564297422ED007D5294 /* ItsJustNumbersApp.swift in Sources */ = {isa = PBXBuildFile; fileRef = CE4E2563297422ED007D5294 /* ItsJustNumbersApp.swift */; };
		CE4E2566297422ED007D5294 /* GlobalView.swift in Sources */ = {isa = PBXBuildFile; fileRef = CE4E2565297422ED007D5294 /* GlobalView.swift */; };
		CE4E2568297422EE007D5294 /* Assets.xcassets in Resources */ = {isa = PBXBuildFile; fileRef = CE4E2567297422EE007D5294 /* Assets.xcassets */; };
		CE4E256B297422EE007D5294 /* Preview Assets.xcassets in Resources */ = {isa = PBXBuildFile; fileRef = CE4E256A297422EE007D5294 /* Preview Assets.xcassets */; };
		CEBDD57C2974249500319722 /* AccountModel.swift in Sources */ = {isa = PBXBuildFile; fileRef = CEBDD57B2974249500319722 /* AccountModel.swift */; };
		CEBDD5802974288100319722 /* AccountInfoUIComponent.swift in Sources */ = {isa = PBXBuildFile; fileRef = CEBDD57F2974288100319722 /* AccountInfoUIComponent.swift */; };
		CEBDD58329747A6000319722 /* AccountModelObservableObject.swift in Sources */ = {isa = PBXBuildFile; fileRef = CEBDD58229747A5F00319722 /* AccountModelObservableObject.swift */; };
		CEBDD58529747BF700319722 /* TransactionModel.swift in Sources */ = {isa = PBXBuildFile; fileRef = CEBDD58429747BF700319722 /* TransactionModel.swift */; };
		CEBDD5872974945B00319722 /* TransactionListUIComponent.swift in Sources */ = {isa = PBXBuildFile; fileRef = CEBDD5862974945B00319722 /* TransactionListUIComponent.swift */; };
/* End PBXBuildFile section */

/* Begin PBXFileReference section */
		CE4E2560297422ED007D5294 /* ItsJustNumbers.app */ = {isa = PBXFileReference; explicitFileType = wrapper.application; includeInIndex = 0; path = ItsJustNumbers.app; sourceTree = BUILT_PRODUCTS_DIR; };
		CE4E2563297422ED007D5294 /* ItsJustNumbersApp.swift */ = {isa = PBXFileReference; lastKnownFileType = sourcecode.swift; path = ItsJustNumbersApp.swift; sourceTree = "<group>"; };
		CE4E2565297422ED007D5294 /* GlobalView.swift */ = {isa = PBXFileReference; lastKnownFileType = sourcecode.swift; path = GlobalView.swift; sourceTree = "<group>"; };
		CE4E2567297422EE007D5294 /* Assets.xcassets */ = {isa = PBXFileReference; lastKnownFileType = folder.assetcatalog; path = Assets.xcassets; sourceTree = "<group>"; };
		CE4E256A297422EE007D5294 /* Preview Assets.xcassets */ = {isa = PBXFileReference; lastKnownFileType = folder.assetcatalog; path = "Preview Assets.xcassets"; sourceTree = "<group>"; };
		CEBDD57B2974249500319722 /* AccountModel.swift */ = {isa = PBXFileReference; lastKnownFileType = sourcecode.swift; path = AccountModel.swift; sourceTree = "<group>"; };
		CEBDD57F2974288100319722 /* AccountInfoUIComponent.swift */ = {isa = PBXFileReference; lastKnownFileType = sourcecode.swift; path = AccountInfoUIComponent.swift; sourceTree = "<group>"; };
		CEBDD58229747A5F00319722 /* AccountModelObservableObject.swift */ = {isa = PBXFileReference; lastKnownFileType = sourcecode.swift; path = AccountModelObservableObject.swift; sourceTree = "<group>"; };
		CEBDD58429747BF700319722 /* TransactionModel.swift */ = {isa = PBXFileReference; lastKnownFileType = sourcecode.swift; path = TransactionModel.swift; sourceTree = "<group>"; };
		CEBDD5862974945B00319722 /* TransactionListUIComponent.swift */ = {isa = PBXFileReference; lastKnownFileType = sourcecode.swift; path = TransactionListUIComponent.swift; sourceTree = "<group>"; };
/* End PBXFileReference section */

/* Begin PBXFrameworksBuildPhase section */
		CE4E255D297422ED007D5294 /* Frameworks */ = {
			isa = PBXFrameworksBuildPhase;
			buildActionMask = 2147483647;
			files = (
			);
			runOnlyForDeploymentPostprocessing = 0;
		};
/* End PBXFrameworksBuildPhase section */

/* Begin PBXGroup section */
		CE4E2557297422ED007D5294 = {
			isa = PBXGroup;
			children = (
				CE4E2562297422ED007D5294 /* ItsJustNumbers */,
				CE4E2561297422ED007D5294 /* Products */,
			);
			sourceTree = "<group>";
		};
		CE4E2561297422ED007D5294 /* Products */ = {
			isa = PBXGroup;
			children = (
				CE4E2560297422ED007D5294 /* ItsJustNumbers.app */,
			);
			name = Products;
			sourceTree = "<group>";
		};
		CE4E2562297422ED007D5294 /* ItsJustNumbers */ = {
			isa = PBXGroup;
			children = (
				CE4E2563297422ED007D5294 /* ItsJustNumbersApp.swift */,
				CEBDD5882974A2A100319722 /* Extensions */,
				CEBDD57A2974247E00319722 /* Models */,
				CEBDD58129747A1700319722 /* ObservableObjects */,
				CEBDD57D2974279F00319722 /* View */,
				CEBDD57E2974283C00319722 /* UIComponents */,
				CE4E2567297422EE007D5294 /* Assets.xcassets */,
				CE4E2569297422EE007D5294 /* Preview Content */,
			);
			path = ItsJustNumbers;
			sourceTree = "<group>";
		};
		CE4E2569297422EE007D5294 /* Preview Content */ = {
			isa = PBXGroup;
			children = (
				CE4E256A297422EE007D5294 /* Preview Assets.xcassets */,
			);
			path = "Preview Content";
			sourceTree = "<group>";
		};
		CEBDD57A2974247E00319722 /* Models */ = {
			isa = PBXGroup;
			children = (
				CEBDD57B2974249500319722 /* AccountModel.swift */,
				CEBDD58429747BF700319722 /* TransactionModel.swift */,
			);
			path = Models;
			sourceTree = "<group>";
		};
		CEBDD57D2974279F00319722 /* View */ = {
			isa = PBXGroup;
			children = (
				CE4E2565297422ED007D5294 /* GlobalView.swift */,
			);
			path = View;
			sourceTree = "<group>";
		};
		CEBDD57E2974283C00319722 /* UIComponents */ = {
			isa = PBXGroup;
			children = (
				CEBDD57F2974288100319722 /* AccountInfoUIComponent.swift */,
				CEBDD5862974945B00319722 /* TransactionListUIComponent.swift */,
			);
			path = UIComponents;
			sourceTree = "<group>";
		};
		CEBDD58129747A1700319722 /* ObservableObjects */ = {
			isa = PBXGroup;
			children = (
				CEBDD58229747A5F00319722 /* AccountModelObservableObject.swift */,
			);
			path = ObservableObjects;
			sourceTree = "<group>";
		};
		CEBDD5882974A2A100319722 /* Extensions */ = {
			isa = PBXGroup;
			children = (
			);
			path = Extensions;
			sourceTree = "<group>";
		};
/* End PBXGroup section */

/* Begin PBXNativeTarget section */
		CE4E255F297422ED007D5294 /* ItsJustNumbers */ = {
			isa = PBXNativeTarget;
			buildConfigurationList = CE4E256E297422EE007D5294 /* Build configuration list for PBXNativeTarget "ItsJustNumbers" */;
			buildPhases = (
				CE4E255C297422ED007D5294 /* Sources */,
				CE4E255D297422ED007D5294 /* Frameworks */,
				CE4E255E297422ED007D5294 /* Resources */,
			);
			buildRules = (
			);
			dependencies = (
			);
			name = ItsJustNumbers;
			productName = ItsJustNumbers;
			productReference = CE4E2560297422ED007D5294 /* ItsJustNumbers.app */;
			productType = "com.apple.product-type.application";
		};
/* End PBXNativeTarget section */

/* Begin PBXProject section */
		CE4E2558297422ED007D5294 /* Project object */ = {
			isa = PBXProject;
			attributes = {
				BuildIndependentTargetsInParallel = 1;
				LastSwiftUpdateCheck = 1340;
				LastUpgradeCheck = 1340;
				TargetAttributes = {
					CE4E255F297422ED007D5294 = {
						CreatedOnToolsVersion = 13.4.1;
					};
				};
			};
			buildConfigurationList = CE4E255B297422ED007D5294 /* Build configuration list for PBXProject "ItsJustNumbers" */;
			compatibilityVersion = "Xcode 13.0";
			developmentRegion = en;
			hasScannedForEncodings = 0;
			knownRegions = (
				en,
				Base,
			);
			mainGroup = CE4E2557297422ED007D5294;
			productRefGroup = CE4E2561297422ED007D5294 /* Products */;
			projectDirPath = "";
			projectRoot = "";
			targets = (
				CE4E255F297422ED007D5294 /* ItsJustNumbers */,
			);
		};
/* End PBXProject section */

/* Begin PBXResourcesBuildPhase section */
		CE4E255E297422ED007D5294 /* Resources */ = {
			isa = PBXResourcesBuildPhase;
			buildActionMask = 2147483647;
			files = (
				CE4E256B297422EE007D5294 /* Preview Assets.xcassets in Resources */,
				CE4E2568297422EE007D5294 /* Assets.xcassets in Resources */,
			);
			runOnlyForDeploymentPostprocessing = 0;
		};
/* End PBXResourcesBuildPhase section */

/* Begin PBXSourcesBuildPhase section */
		CE4E255C297422ED007D5294 /* Sources */ = {
			isa = PBXSourcesBuildPhase;
			buildActionMask = 2147483647;
			files = (
				CEBDD5872974945B00319722 /* TransactionListUIComponent.swift in Sources */,
				CEBDD58529747BF700319722 /* TransactionModel.swift in Sources */,
				CE4E2566297422ED007D5294 /* GlobalView.swift in Sources */,
				CEBDD58329747A6000319722 /* AccountModelObservableObject.swift in Sources */,
				CE4E2564297422ED007D5294 /* ItsJustNumbersApp.swift in Sources */,
				CEBDD5802974288100319722 /* AccountInfoUIComponent.swift in Sources */,
				CEBDD57C2974249500319722 /* AccountModel.swift in Sources */,
			);
			runOnlyForDeploymentPostprocessing = 0;
		};
/* End PBXSourcesBuildPhase section */

/* Begin XCBuildConfiguration section */
		CE4E256C297422EE007D5294 /* Debug */ = {
			isa = XCBuildConfiguration;
			buildSettings = {
				ALWAYS_SEARCH_USER_PATHS = NO;
				CLANG_ANALYZER_NONNULL = YES;
				CLANG_ANALYZER_NUMBER_OBJECT_CONVERSION = YES_AGGRESSIVE;
				CLANG_CXX_LANGUAGE_STANDARD = "gnu++17";
				CLANG_ENABLE_MODULES = YES;
				CLANG_ENABLE_OBJC_ARC = YES;
				CLANG_ENABLE_OBJC_WEAK = YES;
				CLANG_WARN_BLOCK_CAPTURE_AUTORELEASING = YES;
				CLANG_WARN_BOOL_CONVERSION = YES;
				CLANG_WARN_COMMA = YES;
				CLANG_WARN_CONSTANT_CONVERSION = YES;
				CLANG_WARN_DEPRECATED_OBJC_IMPLEMENTATIONS = YES;
				CLANG_WARN_DIRECT_OBJC_ISA_USAGE = YES_ERROR;
				CLANG_WARN_DOCUMENTATION_COMMENTS = YES;
				CLANG_WARN_EMPTY_BODY = YES;
				CLANG_WARN_ENUM_CONVERSION = YES;
				CLANG_WARN_INFINITE_RECURSION = YES;
				CLANG_WARN_INT_CONVERSION = YES;
				CLANG_WARN_NON_LITERAL_NULL_CONVERSION = YES;
				CLANG_WARN_OBJC_IMPLICIT_RETAIN_SELF = YES;
				CLANG_WARN_OBJC_LITERAL_CONVERSION = YES;
				CLANG_WARN_OBJC_ROOT_CLASS = YES_ERROR;
				CLANG_WARN_QUOTED_INCLUDE_IN_FRAMEWORK_HEADER = YES;
				CLANG_WARN_RANGE_LOOP_ANALYSIS = YES;
				CLANG_WARN_STRICT_PROTOTYPES = YES;
				CLANG_WARN_SUSPICIOUS_MOVE = YES;
				CLANG_WARN_UNGUARDED_AVAILABILITY = YES_AGGRESSIVE;
				CLANG_WARN_UNREACHABLE_CODE = YES;
				CLANG_WARN__DUPLICATE_METHOD_MATCH = YES;
				COPY_PHASE_STRIP = NO;
				DEBUG_INFORMATION_FORMAT = dwarf;
				ENABLE_STRICT_OBJC_MSGSEND = YES;
				ENABLE_TESTABILITY = YES;
				GCC_C_LANGUAGE_STANDARD = gnu11;
				GCC_DYNAMIC_NO_PIC = NO;
				GCC_NO_COMMON_BLOCKS = YES;
				GCC_OPTIMIZATION_LEVEL = 0;
				GCC_PREPROCESSOR_DEFINITIONS = (
					"DEBUG=1",
					"$(inherited)",
				);
				GCC_WARN_64_TO_32_BIT_CONVERSION = YES;
				GCC_WARN_ABOUT_RETURN_TYPE = YES_ERROR;
				GCC_WARN_UNDECLARED_SELECTOR = YES;
				GCC_WARN_UNINITIALIZED_AUTOS = YES_AGGRESSIVE;
				GCC_WARN_UNUSED_FUNCTION = YES;
				GCC_WARN_UNUSED_VARIABLE = YES;
				IPHONEOS_DEPLOYMENT_TARGET = 15.5;
				MTL_ENABLE_DEBUG_INFO = INCLUDE_SOURCE;
				MTL_FAST_MATH = YES;
				ONLY_ACTIVE_ARCH = YES;
				SDKROOT = iphoneos;
				SWIFT_ACTIVE_COMPILATION_CONDITIONS = DEBUG;
				SWIFT_OPTIMIZATION_LEVEL = "-Onone";
			};
			name = Debug;
		};
		CE4E256D297422EE007D5294 /* Release */ = {
			isa = XCBuildConfiguration;
			buildSettings = {
				ALWAYS_SEARCH_USER_PATHS = NO;
				CLANG_ANALYZER_NONNULL = YES;
				CLANG_ANALYZER_NUMBER_OBJECT_CONVERSION = YES_AGGRESSIVE;
				CLANG_CXX_LANGUAGE_STANDARD = "gnu++17";
				CLANG_ENABLE_MODULES = YES;
				CLANG_ENABLE_OBJC_ARC = YES;
				CLANG_ENABLE_OBJC_WEAK = YES;
				CLANG_WARN_BLOCK_CAPTURE_AUTORELEASING = YES;
				CLANG_WARN_BOOL_CONVERSION = YES;
				CLANG_WARN_COMMA = YES;
				CLANG_WARN_CONSTANT_CONVERSION = YES;
				CLANG_WARN_DEPRECATED_OBJC_IMPLEMENTATIONS = YES;
				CLANG_WARN_DIRECT_OBJC_ISA_USAGE = YES_ERROR;
				CLANG_WARN_DOCUMENTATION_COMMENTS = YES;
				CLANG_WARN_EMPTY_BODY = YES;
				CLANG_WARN_ENUM_CONVERSION = YES;
				CLANG_WARN_INFINITE_RECURSION = YES;
				CLANG_WARN_INT_CONVERSION = YES;
				CLANG_WARN_NON_LITERAL_NULL_CONVERSION = YES;
				CLANG_WARN_OBJC_IMPLICIT_RETAIN_SELF = YES;
				CLANG_WARN_OBJC_LITERAL_CONVERSION = YES;
				CLANG_WARN_OBJC_ROOT_CLASS = YES_ERROR;
				CLANG_WARN_QUOTED_INCLUDE_IN_FRAMEWORK_HEADER = YES;
				CLANG_WARN_RANGE_LOOP_ANALYSIS = YES;
				CLANG_WARN_STRICT_PROTOTYPES = YES;
				CLANG_WARN_SUSPICIOUS_MOVE = YES;
				CLANG_WARN_UNGUARDED_AVAILABILITY = YES_AGGRESSIVE;
				CLANG_WARN_UNREACHABLE_CODE = YES;
				CLANG_WARN__DUPLICATE_METHOD_MATCH = YES;
				COPY_PHASE_STRIP = NO;
				DEBUG_INFORMATION_FORMAT = "dwarf-with-dsym";
				ENABLE_NS_ASSERTIONS = NO;
				ENABLE_STRICT_OBJC_MSGSEND = YES;
				GCC_C_LANGUAGE_STANDARD = gnu11;
				GCC_NO_COMMON_BLOCKS = YES;
				GCC_WARN_64_TO_32_BIT_CONVERSION = YES;
				GCC_WARN_ABOUT_RETURN_TYPE = YES_ERROR;
				GCC_WARN_UNDECLARED_SELECTOR = YES;
				GCC_WARN_UNINITIALIZED_AUTOS = YES_AGGRESSIVE;
				GCC_WARN_UNUSED_FUNCTION = YES;
				GCC_WARN_UNUSED_VARIABLE = YES;
				IPHONEOS_DEPLOYMENT_TARGET = 15.5;
				MTL_ENABLE_DEBUG_INFO = NO;
				MTL_FAST_MATH = YES;
				SDKROOT = iphoneos;
				SWIFT_COMPILATION_MODE = wholemodule;
				SWIFT_OPTIMIZATION_LEVEL = "-O";
				VALIDATE_PRODUCT = YES;
			};
			name = Release;
		};
		CE4E256F297422EE007D5294 /* Debug */ = {
			isa = XCBuildConfiguration;
			buildSettings = {
				ASSETCATALOG_COMPILER_APPICON_NAME = AppIcon;
				ASSETCATALOG_COMPILER_GLOBAL_ACCENT_COLOR_NAME = AccentColor;
				CODE_SIGN_STYLE = Automatic;
				CURRENT_PROJECT_VERSION = 1;
				DEVELOPMENT_ASSET_PATHS = "\"ItsJustNumbers/Preview Content\"";
				ENABLE_PREVIEWS = YES;
				GENERATE_INFOPLIST_FILE = YES;
				INFOPLIST_KEY_UIApplicationSceneManifest_Generation = YES;
				INFOPLIST_KEY_UIApplicationSupportsIndirectInputEvents = YES;
				INFOPLIST_KEY_UILaunchScreen_Generation = YES;
				INFOPLIST_KEY_UISupportedInterfaceOrientations_iPad = "UIInterfaceOrientationPortrait UIInterfaceOrientationPortraitUpsideDown UIInterfaceOrientationLandscapeLeft UIInterfaceOrientationLandscapeRight";
				INFOPLIST_KEY_UISupportedInterfaceOrientations_iPhone = "UIInterfaceOrientationPortrait UIInterfaceOrientationLandscapeLeft UIInterfaceOrientationLandscapeRight";
				LD_RUNPATH_SEARCH_PATHS = (
					"$(inherited)",
					"@executable_path/Frameworks",
				);
				MARKETING_VERSION = 1.0;
				PRODUCT_BUNDLE_IDENTIFIER = gianluca.napoletano.ItsJustNumbers;
				PRODUCT_NAME = "$(TARGET_NAME)";
				SWIFT_EMIT_LOC_STRINGS = YES;
				SWIFT_VERSION = 5.0;
				TARGETED_DEVICE_FAMILY = "1,2";
			};
			name = Debug;
		};
		CE4E2570297422EE007D5294 /* Release */ = {
			isa = XCBuildConfiguration;
			buildSettings = {
				ASSETCATALOG_COMPILER_APPICON_NAME = AppIcon;
				ASSETCATALOG_COMPILER_GLOBAL_ACCENT_COLOR_NAME = AccentColor;
				CODE_SIGN_STYLE = Automatic;
				CURRENT_PROJECT_VERSION = 1;
				DEVELOPMENT_ASSET_PATHS = "\"ItsJustNumbers/Preview Content\"";
				ENABLE_PREVIEWS = YES;
				GENERATE_INFOPLIST_FILE = YES;
				INFOPLIST_KEY_UIApplicationSceneManifest_Generation = YES;
				INFOPLIST_KEY_UIApplicationSupportsIndirectInputEvents = YES;
				INFOPLIST_KEY_UILaunchScreen_Generation = YES;
				INFOPLIST_KEY_UISupportedInterfaceOrientations_iPad = "UIInterfaceOrientationPortrait UIInterfaceOrientationPortraitUpsideDown UIInterfaceOrientationLandscapeLeft UIInterfaceOrientationLandscapeRight";
				INFOPLIST_KEY_UISupportedInterfaceOrientations_iPhone = "UIInterfaceOrientationPortrait UIInterfaceOrientationLandscapeLeft UIInterfaceOrientationLandscapeRight";
				LD_RUNPATH_SEARCH_PATHS = (
					"$(inherited)",
					"@executable_path/Frameworks",
				);
				MARKETING_VERSION = 1.0;
				PRODUCT_BUNDLE_IDENTIFIER = gianluca.napoletano.ItsJustNumbers;
				PRODUCT_NAME = "$(TARGET_NAME)";
				SWIFT_EMIT_LOC_STRINGS = YES;
				SWIFT_VERSION = 5.0;
				TARGETED_DEVICE_FAMILY = "1,2";
			};
			name = Release;
		};
/* End XCBuildConfiguration section */

/* Begin XCConfigurationList section */
		CE4E255B297422ED007D5294 /* Build configuration list for PBXProject "ItsJustNumbers" */ = {
			isa = XCConfigurationList;
			buildConfigurations = (
				CE4E256C297422EE007D5294 /* Debug */,
				CE4E256D297422EE007D5294 /* Release */,
			);
			defaultConfigurationIsVisible = 0;
			defaultConfigurationName = Release;
		};
		CE4E256E297422EE007D5294 /* Build configuration list for PBXNativeTarget "ItsJustNumbers" */ = {
			isa = XCConfigurationList;
			buildConfigurations = (
				CE4E256F297422EE007D5294 /* Debug */,
				CE4E2570297422EE007D5294 /* Release */,
			);
			defaultConfigurationIsVisible = 0;
			defaultConfigurationName = Release;
		};
/* End XCConfigurationList section */
	};
	rootObject = CE4E2558297422ED007D5294 /* Project object */;
}
